
Microsoft Visual Studio Solution File, Format Version 12.00
# Visual Studio Version 16
VisualStudioVersion = 16.0.28922.388
MinimumVisualStudioVersion = 10.0.40219.1
Project("{FAE04EC0-301F-11D3-BF4B-00C04F79EFBC}") = "SSM", "SSM\SSM.csproj", "{82B29850-FF61-41DB-A389-2E04BF7472FE}"
EndProject
Global
	GlobalSection(SolutionConfigurationPlatforms) = preSolution
		Debug|Any CPU = Debug|Any CPU
		Debug|x64 = Debug|x64
		Release|Any CPU = Release|Any CPU
		Release|x64 = Release|x64
	EndGlobalSection
	GlobalSection(ProjectConfigurationPlatforms) = postSolution
		{82B29850-FF61-41DB-A389-2E04BF7472FE}.Debug|Any CPU.ActiveCfg = Debug|Any CPU
		{82B29850-FF61-41DB-A389-2E04BF7472FE}.Debug|Any CPU.Build.0 = Debug|Any CPU
		{82B29850-FF61-41DB-A389-2E04BF7472FE}.Debug|x64.ActiveCfg = Debug|x64
		{82B29850-FF61-41DB-A389-2E04BF7472FE}.Debug|x64.Build.0 = Debug|x64
		{82B29850-FF61-41DB-A389-2E04BF7472FE}.Release|Any CPU.ActiveCfg = Release|Any CPU
		{82B29850-FF61-41DB-A389-2E04BF7472FE}.Release|Any CPU.Build.0 = Release|Any CPU
		{82B29850-FF61-41DB-A389-2E04BF7472FE}.Release|x64.ActiveCfg = Release|x64
		{82B29850-FF61-41DB-A389-2E04BF7472FE}.Release|x64.Build.0 = Release|x64
	EndGlobalSection
	GlobalSection(SolutionProperties) = preSolution
		HideSolutionNode = FALSE
	EndGlobalSection
	GlobalSection(ExtensibilityGlobals) = postSolution
		SolutionGuid = {6372F497-D9A1-4608-B506-678E32461438}
	EndGlobalSection
EndGlobal
